
Microsoft Visual Studio Solution File, Format Version 12.00
# Visual Studio Version 17
VisualStudioVersion = 17.10.35013.160
MinimumVisualStudioVersion = 10.0.40219.1
Project("{FAE04EC0-301F-11D3-BF4B-00C04F79EFBC}") = "website2", "website2.csproj", "{D7FBA007-2D90-4739-B1C5-2EBAAD4BCFA1}"
EndProject
Global
	GlobalSection(SolutionConfigurationPlatforms) = preSolution
		Debug|Any CPU = Debug|Any CPU
		Release|Any CPU = Release|Any CPU
	EndGlobalSection
	GlobalSection(ProjectConfigurationPlatforms) = postSolution
		{D7FBA007-2D90-4739-B1C5-2EBAAD4BCFA1}.Debug|Any CPU.ActiveCfg = Debug|Any CPU
		{D7FBA007-2D90-4739-B1C5-2EBAAD4BCFA1}.Debug|Any CPU.Build.0 = Debug|Any CPU
		{D7FBA007-2D90-4739-B1C5-2EBAAD4BCFA1}.Release|Any CPU.ActiveCfg = Release|Any CPU
		{D7FBA007-2D90-4739-B1C5-2EBAAD4BCFA1}.Release|Any CPU.Build.0 = Release|Any CPU
	EndGlobalSection
	GlobalSection(SolutionProperties) = preSolution
		HideSolutionNode = FALSE
	EndGlobalSection
	GlobalSection(ExtensibilityGlobals) = postSolution
		SolutionGuid = {E0D1558E-1E21-4D21-9E4A-98E3D89CE1DB}
	EndGlobalSection
EndGlobal
